// !$*UTF8*$!
{
	archiveVersion = 1;
	classes = {
	};
	objectVersion = 46;
	objects = {

/* Begin PBXBuildFile section */
		BD17E5751E8B8F5F008604DD /* Card.m in Sources */ = {isa = PBXBuildFile; fileRef = BD17E5741E8B8F5F008604DD /* Card.m */; };
		BD17E57C1E8B9C08008604DD /* Deck.m in Sources */ = {isa = PBXBuildFile; fileRef = BD17E57B1E8B9C08008604DD /* Deck.m */; };
		BD17E57F1E8BA8E8008604DD /* PlayingCard.m in Sources */ = {isa = PBXBuildFile; fileRef = BD17E57E1E8BA8E8008604DD /* PlayingCard.m */; };
		BD17E5821E8BB382008604DD /* PlayingCardDeck.m in Sources */ = {isa = PBXBuildFile; fileRef = BD17E5811E8BB382008604DD /* PlayingCardDeck.m */; };
		BD58BD6A1E9492C000E13F40 /* CardMatchingGame.m in Sources */ = {isa = PBXBuildFile; fileRef = BD58BD691E9492C000E13F40 /* CardMatchingGame.m */; };
		BD626FCD1E8A3EE300E3A29C /* images.xcassets in Resources */ = {isa = PBXBuildFile; fileRef = BD626FCC1E8A3EE300E3A29C /* images.xcassets */; };
		BD7893EB1E895B0600F1730F /* main.m in Sources */ = {isa = PBXBuildFile; fileRef = BD7893EA1E895B0600F1730F /* main.m */; };
		BD7893EE1E895B0600F1730F /* AppDelegate.m in Sources */ = {isa = PBXBuildFile; fileRef = BD7893ED1E895B0600F1730F /* AppDelegate.m */; };
		BD7893F11E895B0600F1730F /* CardGameViewController.m in Sources */ = {isa = PBXBuildFile; fileRef = BD7893F01E895B0600F1730F /* CardGameViewController.m */; };
		BD7893F41E895B0600F1730F /* Main.storyboard in Resources */ = {isa = PBXBuildFile; fileRef = BD7893F21E895B0600F1730F /* Main.storyboard */; };
		BD7893F91E895B0600F1730F /* LaunchScreen.storyboard in Resources */ = {isa = PBXBuildFile; fileRef = BD7893F71E895B0600F1730F /* LaunchScreen.storyboard */; };
/* End PBXBuildFile section */

/* Begin PBXFileReference section */
		BD17E5731E8B8F5F008604DD /* Card.h */ = {isa = PBXFileReference; fileEncoding = 4; lastKnownFileType = sourcecode.c.h; name = Card.h; path = Model/Card.h; sourceTree = "<group>"; };
		BD17E5741E8B8F5F008604DD /* Card.m */ = {isa = PBXFileReference; fileEncoding = 4; lastKnownFileType = sourcecode.c.objc; name = Card.m; path = Model/Card.m; sourceTree = "<group>"; };
		BD17E57A1E8B9C08008604DD /* Deck.h */ = {isa = PBXFileReference; fileEncoding = 4; lastKnownFileType = sourcecode.c.h; name = Deck.h; path = Model/Deck.h; sourceTree = "<group>"; };
		BD17E57B1E8B9C08008604DD /* Deck.m */ = {isa = PBXFileReference; fileEncoding = 4; lastKnownFileType = sourcecode.c.objc; name = Deck.m; path = Model/Deck.m; sourceTree = "<group>"; };
		BD17E57D1E8BA8E8008604DD /* PlayingCard.h */ = {isa = PBXFileReference; fileEncoding = 4; lastKnownFileType = sourcecode.c.h; name = PlayingCard.h; path = Model/PlayingCard.h; sourceTree = "<group>"; };
		BD17E57E1E8BA8E8008604DD /* PlayingCard.m */ = {isa = PBXFileReference; fileEncoding = 4; lastKnownFileType = sourcecode.c.objc; name = PlayingCard.m; path = Model/PlayingCard.m; sourceTree = "<group>"; };
		BD17E5801E8BB382008604DD /* PlayingCardDeck.h */ = {isa = PBXFileReference; fileEncoding = 4; lastKnownFileType = sourcecode.c.h; name = PlayingCardDeck.h; path = Model/PlayingCardDeck.h; sourceTree = "<group>"; };
		BD17E5811E8BB382008604DD /* PlayingCardDeck.m */ = {isa = PBXFileReference; fileEncoding = 4; lastKnownFileType = sourcecode.c.objc; name = PlayingCardDeck.m; path = Model/PlayingCardDeck.m; sourceTree = "<group>"; };
		BD58BD681E9492C000E13F40 /* CardMatchingGame.h */ = {isa = PBXFileReference; fileEncoding = 4; lastKnownFileType = sourcecode.c.h; name = CardMatchingGame.h; path = Model/CardMatchingGame.h; sourceTree = "<group>"; };
		BD58BD691E9492C000E13F40 /* CardMatchingGame.m */ = {isa = PBXFileReference; fileEncoding = 4; lastKnownFileType = sourcecode.c.objc; name = CardMatchingGame.m; path = Model/CardMatchingGame.m; sourceTree = "<group>"; };
		BD626FCC1E8A3EE300E3A29C /* images.xcassets */ = {isa = PBXFileReference; lastKnownFileType = folder.assetcatalog; name = images.xcassets; path = /Users/ios/Documents/Workspace/Demo/Matchismo/Matchismo/images.xcassets; sourceTree = "<absolute>"; };
		BD7893E61E895B0600F1730F /* Matchismo.app */ = {isa = PBXFileReference; explicitFileType = wrapper.application; includeInIndex = 0; path = Matchismo.app; sourceTree = BUILT_PRODUCTS_DIR; };
		BD7893EA1E895B0600F1730F /* main.m */ = {isa = PBXFileReference; lastKnownFileType = sourcecode.c.objc; path = main.m; sourceTree = "<group>"; };
		BD7893EC1E895B0600F1730F /* AppDelegate.h */ = {isa = PBXFileReference; lastKnownFileType = sourcecode.c.h; path = AppDelegate.h; sourceTree = "<group>"; };
		BD7893ED1E895B0600F1730F /* AppDelegate.m */ = {isa = PBXFileReference; lastKnownFileType = sourcecode.c.objc; path = AppDelegate.m; sourceTree = "<group>"; };
		BD7893EF1E895B0600F1730F /* CardGameViewController.h */ = {isa = PBXFileReference; lastKnownFileType = sourcecode.c.h; path = CardGameViewController.h; sourceTree = "<group>"; };
		BD7893F01E895B0600F1730F /* CardGameViewController.m */ = {isa = PBXFileReference; lastKnownFileType = sourcecode.c.objc; path = CardGameViewController.m; sourceTree = "<group>"; };
		BD7893F31E895B0600F1730F /* Base */ = {isa = PBXFileReference; lastKnownFileType = file.storyboard; name = Base; path = Base.lproj/Main.storyboard; sourceTree = "<group>"; };
		BD7893F81E895B0600F1730F /* Base */ = {isa = PBXFileReference; lastKnownFileType = file.storyboard; name = Base; path = Base.lproj/LaunchScreen.storyboard; sourceTree = "<group>"; };
		BD7893FA1E895B0600F1730F /* Info.plist */ = {isa = PBXFileReference; lastKnownFileType = text.plist.xml; path = Info.plist; sourceTree = "<group>"; };
/* End PBXFileReference section */

/* Begin PBXFrameworksBuildPhase section */
		BD7893E31E895B0600F1730F /* Frameworks */ = {
			isa = PBXFrameworksBuildPhase;
			buildActionMask = 2147483647;
			files = (
			);
			runOnlyForDeploymentPostprocessing = 0;
		};
/* End PBXFrameworksBuildPhase section */

/* Begin PBXGroup section */
		BD17E5761E8B90B8008604DD /* Model */ = {
			isa = PBXGroup;
			children = (
				BD17E5731E8B8F5F008604DD /* Card.h */,
				BD17E5741E8B8F5F008604DD /* Card.m */,
				BD17E57A1E8B9C08008604DD /* Deck.h */,
				BD17E57B1E8B9C08008604DD /* Deck.m */,
				BD17E57D1E8BA8E8008604DD /* PlayingCard.h */,
				BD17E57E1E8BA8E8008604DD /* PlayingCard.m */,
				BD17E5801E8BB382008604DD /* PlayingCardDeck.h */,
				BD17E5811E8BB382008604DD /* PlayingCardDeck.m */,
				BD58BD681E9492C000E13F40 /* CardMatchingGame.h */,
				BD58BD691E9492C000E13F40 /* CardMatchingGame.m */,
			);
			name = Model;
			sourceTree = "<group>";
		};
		BD7893DD1E895B0600F1730F = {
			isa = PBXGroup;
			children = (
				BD7893E81E895B0600F1730F /* Matchismo */,
				BD7893E71E895B0600F1730F /* Products */,
			);
			sourceTree = "<group>";
		};
		BD7893E71E895B0600F1730F /* Products */ = {
			isa = PBXGroup;
			children = (
				BD7893E61E895B0600F1730F /* Matchismo.app */,
			);
			name = Products;
			sourceTree = "<group>";
		};
		BD7893E81E895B0600F1730F /* Matchismo */ = {
			isa = PBXGroup;
			children = (
				BD7893EF1E895B0600F1730F /* CardGameViewController.h */,
				BD7893F01E895B0600F1730F /* CardGameViewController.m */,
				BD7893F21E895B0600F1730F /* Main.storyboard */,
				BD7893F71E895B0600F1730F /* LaunchScreen.storyboard */,
				BD7893E91E895B0600F1730F /* Supporting Files */,
				BD626FCC1E8A3EE300E3A29C /* images.xcassets */,
				BD17E5761E8B90B8008604DD /* Model */,
			);
			path = Matchismo;
			sourceTree = "<group>";
		};
		BD7893E91E895B0600F1730F /* Supporting Files */ = {
			isa = PBXGroup;
			children = (
				BD7893EC1E895B0600F1730F /* AppDelegate.h */,
				BD7893ED1E895B0600F1730F /* AppDelegate.m */,
				BD7893FA1E895B0600F1730F /* Info.plist */,
				BD7893EA1E895B0600F1730F /* main.m */,
			);
			name = "Supporting Files";
			sourceTree = "<group>";
		};
/* End PBXGroup section */

/* Begin PBXNativeTarget section */
		BD7893E51E895B0600F1730F /* Matchismo */ = {
			isa = PBXNativeTarget;
			buildConfigurationList = BD7893FD1E895B0600F1730F /* Build configuration list for PBXNativeTarget "Matchismo" */;
			buildPhases = (
				BD7893E21E895B0600F1730F /* Sources */,
				BD7893E31E895B0600F1730F /* Frameworks */,
				BD7893E41E895B0600F1730F /* Resources */,
			);
			buildRules = (
			);
			dependencies = (
			);
			name = Matchismo;
			productName = Matchismo;
			productReference = BD7893E61E895B0600F1730F /* Matchismo.app */;
			productType = "com.apple.product-type.application";
		};
/* End PBXNativeTarget section */

/* Begin PBXProject section */
		BD7893DE1E895B0600F1730F /* Project object */ = {
			isa = PBXProject;
			attributes = {
				LastUpgradeCheck = 0820;
				ORGANIZATIONNAME = Karson;
				TargetAttributes = {
					BD7893E51E895B0600F1730F = {
						CreatedOnToolsVersion = 8.2.1;
						DevelopmentTeam = UW5A55MYNF;
						ProvisioningStyle = Automatic;
					};
				};
			};
			buildConfigurationList = BD7893E11E895B0600F1730F /* Build configuration list for PBXProject "Matchismo" */;
			compatibilityVersion = "Xcode 3.2";
			developmentRegion = English;
			hasScannedForEncodings = 0;
			knownRegions = (
				en,
				Base,
			);
			mainGroup = BD7893DD1E895B0600F1730F;
			productRefGroup = BD7893E71E895B0600F1730F /* Products */;
			projectDirPath = "";
			projectRoot = "";
			targets = (
				BD7893E51E895B0600F1730F /* Matchismo */,
			);
		};
/* End PBXProject section */

/* Begin PBXResourcesBuildPhase section */
		BD7893E41E895B0600F1730F /* Resources */ = {
			isa = PBXResourcesBuildPhase;
			buildActionMask = 2147483647;
			files = (
				BD7893F91E895B0600F1730F /* LaunchScreen.storyboard in Resources */,
				BD626FCD1E8A3EE300E3A29C /* images.xcassets in Resources */,
				BD7893F41E895B0600F1730F /* Main.storyboard in Resources */,
			);
			runOnlyForDeploymentPostprocessing = 0;
		};
/* End PBXResourcesBuildPhase section */

/* Begin PBXSourcesBuildPhase section */
		BD7893E21E895B0600F1730F /* Sources */ = {
			isa = PBXSourcesBuildPhase;
			buildActionMask = 2147483647;
			files = (
				BD17E57F1E8BA8E8008604DD /* PlayingCard.m in Sources */,
				BD17E57C1E8B9C08008604DD /* Deck.m in Sources */,
				BD7893F11E895B0600F1730F /* CardGameViewController.m in Sources */,
				BD7893EE1E895B0600F1730F /* AppDelegate.m in Sources */,
				BD58BD6A1E9492C000E13F40 /* CardMatchingGame.m in Sources */,
				BD17E5821E8BB382008604DD /* PlayingCardDeck.m in Sources */,
				BD7893EB1E895B0600F1730F /* main.m in Sources */,
				BD17E5751E8B8F5F008604DD /* Card.m in Sources */,
			);
			runOnlyForDeploymentPostprocessing = 0;
		};
/* End PBXSourcesBuildPhase section */

/* Begin PBXVariantGroup section */
		BD7893F21E895B0600F1730F /* Main.storyboard */ = {
			isa = PBXVariantGroup;
			children = (
				BD7893F31E895B0600F1730F /* Base */,
			);
			name = Main.storyboard;
			sourceTree = "<group>";
		};
		BD7893F71E895B0600F1730F /* LaunchScreen.storyboard */ = {
			isa = PBXVariantGroup;
			children = (
				BD7893F81E895B0600F1730F /* Base */,
			);
			name = LaunchScreen.storyboard;
			sourceTree = "<group>";
		};
/* End PBXVariantGroup section */

/* Begin XCBuildConfiguration section */
		BD7893FB1E895B0600F1730F /* Debug */ = {
			isa = XCBuildConfiguration;
			buildSettings = {
				ALWAYS_SEARCH_USER_PATHS = NO;
				CLANG_ANALYZER_NONNULL = YES;
				CLANG_CXX_LANGUAGE_STANDARD = "gnu++0x";
				CLANG_CXX_LIBRARY = "libc++";
				CLANG_ENABLE_MODULES = YES;
				CLANG_ENABLE_OBJC_ARC = YES;
				CLANG_WARN_BOOL_CONVERSION = YES;
				CLANG_WARN_CONSTANT_CONVERSION = YES;
				CLANG_WARN_DIRECT_OBJC_ISA_USAGE = YES_ERROR;
				CLANG_WARN_DOCUMENTATION_COMMENTS = YES;
				CLANG_WARN_EMPTY_BODY = YES;
				CLANG_WARN_ENUM_CONVERSION = YES;
				CLANG_WARN_INFINITE_RECURSION = YES;
				CLANG_WARN_INT_CONVERSION = YES;
				CLANG_WARN_OBJC_ROOT_CLASS = YES_ERROR;
				CLANG_WARN_SUSPICIOUS_MOVE = YES;
				CLANG_WARN_UNREACHABLE_CODE = YES;
				CLANG_WARN__DUPLICATE_METHOD_MATCH = YES;
				"CODE_SIGN_IDENTITY[sdk=iphoneos*]" = "iPhone Developer";
				COPY_PHASE_STRIP = NO;
				DEBUG_INFORMATION_FORMAT = dwarf;
				ENABLE_STRICT_OBJC_MSGSEND = YES;
				ENABLE_TESTABILITY = YES;
				GCC_C_LANGUAGE_STANDARD = gnu99;
				GCC_DYNAMIC_NO_PIC = NO;
				GCC_NO_COMMON_BLOCKS = YES;
				GCC_OPTIMIZATION_LEVEL = 0;
				GCC_PREPROCESSOR_DEFINITIONS = (
					"DEBUG=1",
					"$(inherited)",
				);
				GCC_WARN_64_TO_32_BIT_CONVERSION = YES;
				GCC_WARN_ABOUT_RETURN_TYPE = YES_ERROR;
				GCC_WARN_UNDECLARED_SELECTOR = YES;
				GCC_WARN_UNINITIALIZED_AUTOS = YES_AGGRESSIVE;
				GCC_WARN_UNUSED_FUNCTION = YES;
				GCC_WARN_UNUSED_VARIABLE = YES;
				IPHONEOS_DEPLOYMENT_TARGET = 10.2;
				MTL_ENABLE_DEBUG_INFO = YES;
				ONLY_ACTIVE_ARCH = YES;
				SDKROOT = iphoneos;
			};
			name = Debug;
		};
		BD7893FC1E895B0600F1730F /* Release */ = {
			isa = XCBuildConfiguration;
			buildSettings = {
				ALWAYS_SEARCH_USER_PATHS = NO;
				CLANG_ANALYZER_NONNULL = YES;
				CLANG_CXX_LANGUAGE_STANDARD = "gnu++0x";
				CLANG_CXX_LIBRARY = "libc++";
				CLANG_ENABLE_MODULES = YES;
				CLANG_ENABLE_OBJC_ARC = YES;
				CLANG_WARN_BOOL_CONVERSION = YES;
				CLANG_WARN_CONSTANT_CONVERSION = YES;
				CLANG_WARN_DIRECT_OBJC_ISA_USAGE = YES_ERROR;
				CLANG_WARN_DOCUMENTATION_COMMENTS = YES;
				CLANG_WARN_EMPTY_BODY = YES;
				CLANG_WARN_ENUM_CONVERSION = YES;
				CLANG_WARN_INFINITE_RECURSION = YES;
				CLANG_WARN_INT_CONVERSION = YES;
				CLANG_WARN_OBJC_ROOT_CLASS = YES_ERROR;
				CLANG_WARN_SUSPICIOUS_MOVE = YES;
				CLANG_WARN_UNREACHABLE_CODE = YES;
				CLANG_WARN__DUPLICATE_METHOD_MATCH = YES;
				"CODE_SIGN_IDENTITY[sdk=iphoneos*]" = "iPhone Developer";
				COPY_PHASE_STRIP = NO;
				DEBUG_INFORMATION_FORMAT = "dwarf-with-dsym";
				ENABLE_NS_ASSERTIONS = NO;
				ENABLE_STRICT_OBJC_MSGSEND = YES;
				GCC_C_LANGUAGE_STANDARD = gnu99;
				GCC_NO_COMMON_BLOCKS = YES;
				GCC_WARN_64_TO_32_BIT_CONVERSION = YES;
				GCC_WARN_ABOUT_RETURN_TYPE = YES_ERROR;
				GCC_WARN_UNDECLARED_SELECTOR = YES;
				GCC_WARN_UNINITIALIZED_AUTOS = YES_AGGRESSIVE;
				GCC_WARN_UNUSED_FUNCTION = YES;
				GCC_WARN_UNUSED_VARIABLE = YES;
				IPHONEOS_DEPLOYMENT_TARGET = 10.2;
				MTL_ENABLE_DEBUG_INFO = NO;
				SDKROOT = iphoneos;
				VALIDATE_PRODUCT = YES;
			};
			name = Release;
		};
		BD7893FE1E895B0600F1730F /* Debug */ = {
			isa = XCBuildConfiguration;
			buildSettings = {
				ASSETCATALOG_COMPILER_LAUNCHIMAGE_NAME = "LaunchImage-2";
				DEVELOPMENT_TEAM = UW5A55MYNF;
				INFOPLIST_FILE = Matchismo/Info.plist;
				LD_RUNPATH_SEARCH_PATHS = "$(inherited) @executable_path/Frameworks";
				PRODUCT_BUNDLE_IDENTIFIER = "Cherry-s-house.Matchismo";
				PRODUCT_NAME = "$(TARGET_NAME)";
			};
			name = Debug;
		};
		BD7893FF1E895B0600F1730F /* Release */ = {
			isa = XCBuildConfiguration;
			buildSettings = {
				ASSETCATALOG_COMPILER_LAUNCHIMAGE_NAME = "LaunchImage-2";
				DEVELOPMENT_TEAM = UW5A55MYNF;
				INFOPLIST_FILE = Matchismo/Info.plist;
				LD_RUNPATH_SEARCH_PATHS = "$(inherited) @executable_path/Frameworks";
				PRODUCT_BUNDLE_IDENTIFIER = "Cherry-s-house.Matchismo";
				PRODUCT_NAME = "$(TARGET_NAME)";
			};
			name = Release;
		};
/* End XCBuildConfiguration section */

/* Begin XCConfigurationList section */
		BD7893E11E895B0600F1730F /* Build configuration list for PBXProject "Matchismo" */ = {
			isa = XCConfigurationList;
			buildConfigurations = (
				BD7893FB1E895B0600F1730F /* Debug */,
				BD7893FC1E895B0600F1730F /* Release */,
			);
			defaultConfigurationIsVisible = 0;
			defaultConfigurationName = Release;
		};
		BD7893FD1E895B0600F1730F /* Build configuration list for PBXNativeTarget "Matchismo" */ = {
			isa = XCConfigurationList;
			buildConfigurations = (
				BD7893FE1E895B0600F1730F /* Debug */,
				BD7893FF1E895B0600F1730F /* Release */,
			);
			defaultConfigurationIsVisible = 0;
			defaultConfigurationName = Release;
		};
/* End XCConfigurationList section */
	};
	rootObject = BD7893DE1E895B0600F1730F /* Project object */;
}
